#MicroXplorer Configuration settings - do not modify
File.Version=6
KeepUserPlacement=false
Mcu.Family=STM32L0
Mcu.IP0=NVIC
Mcu.IP1=RCC
Mcu.IP2=SYS
Mcu.IP3=USART2
Mcu.IPNb=4
Mcu.Name=STM32L051C(6-8)Tx
Mcu.Package=LQFP48
Mcu.Pin0=PA2
Mcu.Pin1=PA3
Mcu.Pin10=PA15
Mcu.Pin11=PB3
Mcu.Pin12=PB4
Mcu.Pin13=PB5
Mcu.Pin14=PB6
Mcu.Pin15=VP_SYS_VS_Systick
Mcu.Pin2=PA4
Mcu.Pin3=PB0
Mcu.Pin4=PB1
Mcu.Pin5=PB2
Mcu.Pin6=PB10
Mcu.Pin7=PB11
Mcu.Pin8=PA13
Mcu.Pin9=PA14
Mcu.PinsNb=16
Mcu.ThirdPartyNb=0
Mcu.UserConstants=
Mcu.UserName=STM32L051C8Tx
MxCube.Version=4.26.0
MxDb.Version=DB.4.0.260
NVIC.HardFault_IRQn=true\:0\:0\:false\:false\:true\:false
NVIC.NonMaskableInt_IRQn=true\:0\:0\:false\:false\:true\:false
NVIC.PendSV_IRQn=true\:0\:0\:false\:false\:true\:false
NVIC.SVC_IRQn=true\:0\:0\:false\:false\:true\:false
NVIC.SysTick_IRQn=true\:0\:0\:false\:false\:true\:false
PA13.GPIOParameters=GPIO_Label
PA13.GPIO_Label=SWDAT
PA13.Locked=true
PA13.Mode=Serial_Wire
PA13.Signal=SYS_SWDIO
PA14.GPIOParameters=GPIO_Label
PA14.GPIO_Label=SWCLK
PA14.Locked=true
PA14.Mode=Serial_Wire
PA14.Signal=SYS_SWCLK
PA15.GPIOParameters=GPIO_Label
PA15.GPIO_Label=OP_AMP_ POWER_EN
PA15.Locked=true
PA15.Signal=GPIO_Output
PA2.GPIOParameters=GPIO_Label
PA2.GPIO_Label=TX
PA2.Mode=Asynchronous
PA2.Signal=USART2_TX
PA3.GPIOParameters=GPIO_Label
PA3.GPIO_Label=RX
PA3.Mode=Asynchronous
PA3.Signal=USART2_RX
PA4.GPIOParameters=GPIO_Label
PA4.GPIO_Label=COMP_OUT
PA4.Locked=true
PA4.Signal=GPIO_Input
PB0.GPIOParameters=GPIO_Label
PB0.GPIO_Label=_4051_A-2
PB0.Locked=true
PB0.Signal=GPIO_Output
PB1.GPIOParameters=GPIO_Label
PB1.GPIO_Label=_4051_B-2
PB1.Locked=true
PB1.Signal=GPIO_Output
PB10.GPIOParameters=GPIO_Label
PB10.GPIO_Label=Threshold_Resistor_Selection_2
PB10.Locked=true
PB10.Signal=GPIO_Output
PB11.GPIOParameters=GPIO_Label
PB11.GPIO_Label=Burst_Signal
PB11.Locked=true
PB11.Signal=GPIO_Output
PB2.GPIOParameters=GPIO_Label
PB2.GPIO_Label=_4051_C-2
PB2.Locked=true
PB2.Signal=GPIO_Output
PB3.GPIOParameters=GPIO_Label
PB3.GPIO_Label=_4051_A-1
PB3.Locked=true
PB3.Signal=GPIO_Output
PB4.GPIOParameters=GPIO_Label
PB4.GPIO_Label=_4051_B-1
PB4.Locked=true
PB4.Signal=GPIO_Output
PB5.GPIOParameters=GPIO_Label
PB5.GPIO_Label=_4051_C-1
PB5.Locked=true
PB5.Signal=GPIO_Output
PB6.GPIOParameters=GPIO_Label
PB6.GPIO_Label=Threshold_Resistor_Selection_1
PB6.Locked=true
PB6.Signal=GPIO_Output
PCC.Checker=true
PCC.Line=STM32L0x1
PCC.MCU=STM32L051C(6-8)Tx
PCC.PartNumber=STM32L051C8Tx
PCC.Seq0=0
PCC.Series=STM32L0
PCC.Temperature=25
PCC.Vdd=null
PinOutPanel.RotationAngle=0
RCC.AHBFreq_Value=2097000
RCC.APB1Freq_Value=2097000
RCC.APB1TimFreq_Value=2097000
RCC.APB2Freq_Value=2097000
RCC.APB2TimFreq_Value=2097000
RCC.FamilyName=M
RCC.HSE_VALUE=8000000
RCC.HSI16_VALUE=16000000
RCC.HSI_VALUE=16000000
RCC.I2C1Freq_Value=2097000
RCC.IPParameters=AHBFreq_Value,APB1Freq_Value,APB1TimFreq_Value,APB2Freq_Value,APB2TimFreq_Value,FamilyName,HSE_VALUE,HSI16_VALUE,HSI_VALUE,I2C1Freq_Value,LPTIMFreq_Value,LPUARTFreq_Value,LSE_VALUE,LSI_VALUE,MSI_VALUE,PLLCLKFreq_Value,PWRFreq_Value,RTCFreq_Value,RTCHSEDivFreq_Value,SYSCLKFreq_VALUE,TIMFreq_Value,USART1Freq_Value,USART2Freq_Value,VCOOutputFreq_Value,WatchDogFreq_Value
RCC.LPTIMFreq_Value=2097000
RCC.LPUARTFreq_Value=2097000
RCC.LSE_VALUE=32768
RCC.LSI_VALUE=37000
RCC.MSI_VALUE=2097000
RCC.PLLCLKFreq_Value=24000000
RCC.PWRFreq_Value=2097000
RCC.RTCFreq_Value=37000
RCC.RTCHSEDivFreq_Value=4000000
RCC.SYSCLKFreq_VALUE=2097000
RCC.TIMFreq_Value=2097000
RCC.USART1Freq_Value=2097000
RCC.USART2Freq_Value=2097000
RCC.VCOOutputFreq_Value=48000000
RCC.WatchDogFreq_Value=37000
USART2.IPParameters=VirtualMode-Asynchronous
USART2.VirtualMode-Asynchronous=VM_ASYNC
VP_SYS_VS_Systick.Mode=SysTick
VP_SYS_VS_Systick.Signal=SYS_VS_Systick
board=custom
